
Microsoft Visual Studio Solution File, Format Version 12.00
# Visual Studio Version 16
VisualStudioVersion = 16.0.31911.196
MinimumVisualStudioVersion = 10.0.40219.1
Project("{FAE04EC0-301F-11D3-BF4B-00C04F79EFBC}") = "Lab8.1", "Lab8\Lab8.1.csproj", "{4EEF9799-20BC-4158-B0E8-47C299DCD977}"
EndProject
Project("{FAE04EC0-301F-11D3-BF4B-00C04F79EFBC}") = "Lab8.2", "ConsoleApp1\Lab8.2.csproj", "{E9F4657E-E825-431F-80A2-C5321E91050F}"
EndProject
Global
	GlobalSection(SolutionConfigurationPlatforms) = preSolution
		Debug|Any CPU = Debug|Any CPU
		Release|Any CPU = Release|Any CPU
	EndGlobalSection
	GlobalSection(ProjectConfigurationPlatforms) = postSolution
		{4EEF9799-20BC-4158-B0E8-47C299DCD977}.Debug|Any CPU.ActiveCfg = Debug|Any CPU
		{4EEF9799-20BC-4158-B0E8-47C299DCD977}.Debug|Any CPU.Build.0 = Debug|Any CPU
		{4EEF9799-20BC-4158-B0E8-47C299DCD977}.Release|Any CPU.ActiveCfg = Release|Any CPU
		{4EEF9799-20BC-4158-B0E8-47C299DCD977}.Release|Any CPU.Build.0 = Release|Any CPU
		{E9F4657E-E825-431F-80A2-C5321E91050F}.Debug|Any CPU.ActiveCfg = Debug|Any CPU
		{E9F4657E-E825-431F-80A2-C5321E91050F}.Debug|Any CPU.Build.0 = Debug|Any CPU
		{E9F4657E-E825-431F-80A2-C5321E91050F}.Release|Any CPU.ActiveCfg = Release|Any CPU
		{E9F4657E-E825-431F-80A2-C5321E91050F}.Release|Any CPU.Build.0 = Release|Any CPU
	EndGlobalSection
	GlobalSection(SolutionProperties) = preSolution
		HideSolutionNode = FALSE
	EndGlobalSection
	GlobalSection(ExtensibilityGlobals) = postSolution
		SolutionGuid = {0ED7B4EF-AE99-40F4-87DD-777D82EA9154}
	EndGlobalSection
EndGlobal
